
Microsoft Visual Studio Solution File, Format Version 12.00
# Visual Studio 2013
VisualStudioVersion = 12.0.31101.0
MinimumVisualStudioVersion = 10.0.40219.1
Project("{FAE04EC0-301F-11D3-BF4B-00C04F79EFBC}") = "ALF.SYSTEM", "ALF.SYSTEM\ALF.SYSTEM.csproj", "{C56EE586-F356-466C-824F-D75BD4E9B2D3}"
EndProject
Project("{FAE04EC0-301F-11D3-BF4B-00C04F79EFBC}") = "ALF.MSSQL", "ALF.MSSQL\ALF.MSSQL.csproj", "{92287B21-9F75-4614-ACCC-B8F4BF13D0B8}"
EndProject
Project("{FAE04EC0-301F-11D3-BF4B-00C04F79EFBC}") = "ALF.OFFICE", "ALF.OFFICE\ALF.OFFICE.csproj", "{F5FC35F9-6097-4403-BCA0-574539C07164}"
EndProject
Project("{FAE04EC0-301F-11D3-BF4B-00C04F79EFBC}") = "ALF.TEST.WPF", "ALF.TEST.WPF\ALF.TEST.WPF.csproj", "{FC8D8EAF-DBDF-4AF7-8606-12D26A916006}"
EndProject
Project("{2150E333-8FDC-42A3-9474-1A3956D46DE8}") = "ALF.TEST", "ALF.TEST", "{88D2F259-3D9E-4C0D-8CF5-3A8A358B35C0}"
EndProject
Project("{FAE04EC0-301F-11D3-BF4B-00C04F79EFBC}") = "ALF.TEST.CONSOLE", "ALF.TEST.CONSOLE\ALF.TEST.CONSOLE.csproj", "{99AAE1A0-1DD9-4BEF-A2B8-C2659417FF76}"
EndProject
Project("{FAE04EC0-301F-11D3-BF4B-00C04F79EFBC}") = "ALF.UI", "ALF.UI\ALF.UI.csproj", "{AAAC8703-F4EE-49D1-B827-3CCD40659785}"
EndProject
Project("{FAE04EC0-301F-11D3-BF4B-00C04F79EFBC}") = "ALF.METROUI", "ALF.METROUI\ALF.METROUI.csproj", "{25489CD7-1CAF-42DF-AEE8-22B008B74755}"
EndProject
Project("{FAE04EC0-301F-11D3-BF4B-00C04F79EFBC}") = "ALF.EDU", "ALF.EDU\ALF.EDU.csproj", "{990CD26C-8A9A-4323-8F23-77D9563D03CB}"
EndProject
Project("{FAE04EC0-301F-11D3-BF4B-00C04F79EFBC}") = "ALF.SILVERLIGHT", "ALF.SILVERLIGHT\ALF.SILVERLIGHT.csproj", "{27D76B09-C102-4FFE-ADA6-7997445B5501}"
EndProject
Global
	GlobalSection(SolutionConfigurationPlatforms) = preSolution
		Debug|Any CPU = Debug|Any CPU
		Release|Any CPU = Release|Any CPU
	EndGlobalSection
	GlobalSection(ProjectConfigurationPlatforms) = postSolution
		{C56EE586-F356-466C-824F-D75BD4E9B2D3}.Debug|Any CPU.ActiveCfg = Debug|Any CPU
		{C56EE586-F356-466C-824F-D75BD4E9B2D3}.Debug|Any CPU.Build.0 = Debug|Any CPU
		{C56EE586-F356-466C-824F-D75BD4E9B2D3}.Release|Any CPU.ActiveCfg = Release|Any CPU
		{C56EE586-F356-466C-824F-D75BD4E9B2D3}.Release|Any CPU.Build.0 = Release|Any CPU
		{92287B21-9F75-4614-ACCC-B8F4BF13D0B8}.Debug|Any CPU.ActiveCfg = Debug|Any CPU
		{92287B21-9F75-4614-ACCC-B8F4BF13D0B8}.Debug|Any CPU.Build.0 = Debug|Any CPU
		{92287B21-9F75-4614-ACCC-B8F4BF13D0B8}.Release|Any CPU.ActiveCfg = Release|Any CPU
		{92287B21-9F75-4614-ACCC-B8F4BF13D0B8}.Release|Any CPU.Build.0 = Release|Any CPU
		{F5FC35F9-6097-4403-BCA0-574539C07164}.Debug|Any CPU.ActiveCfg = Debug|Any CPU
		{F5FC35F9-6097-4403-BCA0-574539C07164}.Debug|Any CPU.Build.0 = Debug|Any CPU
		{F5FC35F9-6097-4403-BCA0-574539C07164}.Release|Any CPU.ActiveCfg = Release|Any CPU
		{F5FC35F9-6097-4403-BCA0-574539C07164}.Release|Any CPU.Build.0 = Release|Any CPU
		{FC8D8EAF-DBDF-4AF7-8606-12D26A916006}.Debug|Any CPU.ActiveCfg = Debug|Any CPU
		{FC8D8EAF-DBDF-4AF7-8606-12D26A916006}.Debug|Any CPU.Build.0 = Debug|Any CPU
		{FC8D8EAF-DBDF-4AF7-8606-12D26A916006}.Release|Any CPU.ActiveCfg = Release|Any CPU
		{FC8D8EAF-DBDF-4AF7-8606-12D26A916006}.Release|Any CPU.Build.0 = Release|Any CPU
		{99AAE1A0-1DD9-4BEF-A2B8-C2659417FF76}.Debug|Any CPU.ActiveCfg = Debug|Any CPU
		{99AAE1A0-1DD9-4BEF-A2B8-C2659417FF76}.Debug|Any CPU.Build.0 = Debug|Any CPU
		{99AAE1A0-1DD9-4BEF-A2B8-C2659417FF76}.Release|Any CPU.ActiveCfg = Release|Any CPU
		{99AAE1A0-1DD9-4BEF-A2B8-C2659417FF76}.Release|Any CPU.Build.0 = Release|Any CPU
		{AAAC8703-F4EE-49D1-B827-3CCD40659785}.Debug|Any CPU.ActiveCfg = Debug|Any CPU
		{AAAC8703-F4EE-49D1-B827-3CCD40659785}.Debug|Any CPU.Build.0 = Debug|Any CPU
		{AAAC8703-F4EE-49D1-B827-3CCD40659785}.Release|Any CPU.ActiveCfg = Release|Any CPU
		{AAAC8703-F4EE-49D1-B827-3CCD40659785}.Release|Any CPU.Build.0 = Release|Any CPU
		{25489CD7-1CAF-42DF-AEE8-22B008B74755}.Debug|Any CPU.ActiveCfg = Debug|Any CPU
		{25489CD7-1CAF-42DF-AEE8-22B008B74755}.Debug|Any CPU.Build.0 = Debug|Any CPU
		{25489CD7-1CAF-42DF-AEE8-22B008B74755}.Release|Any CPU.ActiveCfg = Release|Any CPU
		{25489CD7-1CAF-42DF-AEE8-22B008B74755}.Release|Any CPU.Build.0 = Release|Any CPU
		{990CD26C-8A9A-4323-8F23-77D9563D03CB}.Debug|Any CPU.ActiveCfg = Debug|Any CPU
		{990CD26C-8A9A-4323-8F23-77D9563D03CB}.Debug|Any CPU.Build.0 = Debug|Any CPU
		{990CD26C-8A9A-4323-8F23-77D9563D03CB}.Release|Any CPU.ActiveCfg = Release|Any CPU
		{990CD26C-8A9A-4323-8F23-77D9563D03CB}.Release|Any CPU.Build.0 = Release|Any CPU
		{27D76B09-C102-4FFE-ADA6-7997445B5501}.Debug|Any CPU.ActiveCfg = Debug|Any CPU
		{27D76B09-C102-4FFE-ADA6-7997445B5501}.Debug|Any CPU.Build.0 = Debug|Any CPU
		{27D76B09-C102-4FFE-ADA6-7997445B5501}.Release|Any CPU.ActiveCfg = Release|Any CPU
		{27D76B09-C102-4FFE-ADA6-7997445B5501}.Release|Any CPU.Build.0 = Release|Any CPU
	EndGlobalSection
	GlobalSection(SolutionProperties) = preSolution
		HideSolutionNode = FALSE
	EndGlobalSection
	GlobalSection(NestedProjects) = preSolution
		{FC8D8EAF-DBDF-4AF7-8606-12D26A916006} = {88D2F259-3D9E-4C0D-8CF5-3A8A358B35C0}
		{99AAE1A0-1DD9-4BEF-A2B8-C2659417FF76} = {88D2F259-3D9E-4C0D-8CF5-3A8A358B35C0}
	EndGlobalSection
EndGlobal
